
Microsoft Visual Studio Solution File, Format Version 12.00
# Visual Studio 15
VisualStudioVersion = 15.0.28010.2048
MinimumVisualStudioVersion = 10.0.40219.1
Project("{9A19103F-16F7-4668-BE54-9A1E7A4F7556}") = "Task_01", "Task_01\Task_01.csproj", "{C0BDE7F3-9892-4D91-A58B-B06AE3B29CCE}"
EndProject
Project("{9A19103F-16F7-4668-BE54-9A1E7A4F7556}") = "Task_02", "Task_02\Task_02.csproj", "{5A039ED7-8E3B-4229-88CD-A306814B3D75}"
EndProject
Project("{9A19103F-16F7-4668-BE54-9A1E7A4F7556}") = "Task_03", "Task_03\Task_03.csproj", "{10EAF3DA-08B3-4211-8451-35F91DCDC0F8}"
EndProject
Project("{9A19103F-16F7-4668-BE54-9A1E7A4F7556}") = "Task_04", "Task_04\Task_04.csproj", "{F4B3FDED-DE38-45C3-AB60-13DE20B6FCF0}"
EndProject
Project("{9A19103F-16F7-4668-BE54-9A1E7A4F7556}") = "Task_05", "Task_05\Task_05.csproj", "{660787FE-9C92-493C-A5BA-3B85916AFE89}"
EndProject
Project("{9A19103F-16F7-4668-BE54-9A1E7A4F7556}") = "Task_06", "Task_06\Task_06.csproj", "{F0C7EB97-129E-4B53-A106-17629AF98D27}"
EndProject
Project("{9A19103F-16F7-4668-BE54-9A1E7A4F7556}") = "Task_07", "Task_07\Task_07.csproj", "{FB3FD38D-C3D7-4BDE-A468-DE772F79D549}"
EndProject
Project("{9A19103F-16F7-4668-BE54-9A1E7A4F7556}") = "Task_08", "Task_08\Task_08.csproj", "{50172E46-5027-4895-9785-7E1E8AB14F69}"
EndProject
Project("{FAE04EC0-301F-11D3-BF4B-00C04F79EFBC}") = "Task_09", "Task_09\Task_09.csproj", "{4757E6AD-07C8-4A14-9C99-9B131D44C526}"
EndProject
Project("{FAE04EC0-301F-11D3-BF4B-00C04F79EFBC}") = "Task_10", "Task_10\Task_10.csproj", "{21CC2397-BD07-446E-BAC6-846DF0D1545D}"
EndProject
Project("{FAE04EC0-301F-11D3-BF4B-00C04F79EFBC}") = "Task_11", "Task_11\Task_11.csproj", "{FBD75A84-DDC5-41DC-B199-ED0BFF1BABA0}"
EndProject
Project("{FAE04EC0-301F-11D3-BF4B-00C04F79EFBC}") = "Task_12", "Task_12\Task_12.csproj", "{116433A2-65B3-49C6-96D3-ECCCD00E2398}"
EndProject
Project("{FAE04EC0-301F-11D3-BF4B-00C04F79EFBC}") = "Task_13", "Task_13\Task_13.csproj", "{075E5C2E-67B6-4CA3-860D-81D874286045}"
EndProject
Project("{FAE04EC0-301F-11D3-BF4B-00C04F79EFBC}") = "Task_14", "Task_14\Task_14.csproj", "{85E460FE-97CD-44CA-99D7-DB53080FA9E1}"
EndProject
Project("{FAE04EC0-301F-11D3-BF4B-00C04F79EFBC}") = "Task_15", "Task_15\Task_15.csproj", "{363B6DA9-8A53-4D7F-BC7D-6E6BB8196954}"
EndProject
Project("{FAE04EC0-301F-11D3-BF4B-00C04F79EFBC}") = "Task_16", "Task_16\Task_16.csproj", "{F8B83594-F77D-4AB9-8E7E-CF5FDE05C1DD}"
EndProject
Project("{FAE04EC0-301F-11D3-BF4B-00C04F79EFBC}") = "Task_17", "Task_17\Task_17.csproj", "{BA82DA68-0D44-4DA6-BA26-EA35D08CAC53}"
EndProject
Project("{FAE04EC0-301F-11D3-BF4B-00C04F79EFBC}") = "Task_18", "Task_18\Task_18.csproj", "{F181B9BA-31EE-482A-A534-5694164A4644}"
EndProject
Global
	GlobalSection(SolutionConfigurationPlatforms) = preSolution
		Debug|Any CPU = Debug|Any CPU
		Release|Any CPU = Release|Any CPU
	EndGlobalSection
	GlobalSection(ProjectConfigurationPlatforms) = postSolution
		{C0BDE7F3-9892-4D91-A58B-B06AE3B29CCE}.Debug|Any CPU.ActiveCfg = Debug|Any CPU
		{C0BDE7F3-9892-4D91-A58B-B06AE3B29CCE}.Debug|Any CPU.Build.0 = Debug|Any CPU
		{C0BDE7F3-9892-4D91-A58B-B06AE3B29CCE}.Release|Any CPU.ActiveCfg = Release|Any CPU
		{C0BDE7F3-9892-4D91-A58B-B06AE3B29CCE}.Release|Any CPU.Build.0 = Release|Any CPU
		{5A039ED7-8E3B-4229-88CD-A306814B3D75}.Debug|Any CPU.ActiveCfg = Debug|Any CPU
		{5A039ED7-8E3B-4229-88CD-A306814B3D75}.Debug|Any CPU.Build.0 = Debug|Any CPU
		{5A039ED7-8E3B-4229-88CD-A306814B3D75}.Release|Any CPU.ActiveCfg = Release|Any CPU
		{5A039ED7-8E3B-4229-88CD-A306814B3D75}.Release|Any CPU.Build.0 = Release|Any CPU
		{10EAF3DA-08B3-4211-8451-35F91DCDC0F8}.Debug|Any CPU.ActiveCfg = Debug|Any CPU
		{10EAF3DA-08B3-4211-8451-35F91DCDC0F8}.Debug|Any CPU.Build.0 = Debug|Any CPU
		{10EAF3DA-08B3-4211-8451-35F91DCDC0F8}.Release|Any CPU.ActiveCfg = Release|Any CPU
		{10EAF3DA-08B3-4211-8451-35F91DCDC0F8}.Release|Any CPU.Build.0 = Release|Any CPU
		{F4B3FDED-DE38-45C3-AB60-13DE20B6FCF0}.Debug|Any CPU.ActiveCfg = Debug|Any CPU
		{F4B3FDED-DE38-45C3-AB60-13DE20B6FCF0}.Debug|Any CPU.Build.0 = Debug|Any CPU
		{F4B3FDED-DE38-45C3-AB60-13DE20B6FCF0}.Release|Any CPU.ActiveCfg = Release|Any CPU
		{F4B3FDED-DE38-45C3-AB60-13DE20B6FCF0}.Release|Any CPU.Build.0 = Release|Any CPU
		{660787FE-9C92-493C-A5BA-3B85916AFE89}.Debug|Any CPU.ActiveCfg = Debug|Any CPU
		{660787FE-9C92-493C-A5BA-3B85916AFE89}.Debug|Any CPU.Build.0 = Debug|Any CPU
		{660787FE-9C92-493C-A5BA-3B85916AFE89}.Release|Any CPU.ActiveCfg = Release|Any CPU
		{660787FE-9C92-493C-A5BA-3B85916AFE89}.Release|Any CPU.Build.0 = Release|Any CPU
		{F0C7EB97-129E-4B53-A106-17629AF98D27}.Debug|Any CPU.ActiveCfg = Debug|Any CPU
		{F0C7EB97-129E-4B53-A106-17629AF98D27}.Debug|Any CPU.Build.0 = Debug|Any CPU
		{F0C7EB97-129E-4B53-A106-17629AF98D27}.Release|Any CPU.ActiveCfg = Release|Any CPU
		{F0C7EB97-129E-4B53-A106-17629AF98D27}.Release|Any CPU.Build.0 = Release|Any CPU
		{FB3FD38D-C3D7-4BDE-A468-DE772F79D549}.Debug|Any CPU.ActiveCfg = Debug|Any CPU
		{FB3FD38D-C3D7-4BDE-A468-DE772F79D549}.Debug|Any CPU.Build.0 = Debug|Any CPU
		{FB3FD38D-C3D7-4BDE-A468-DE772F79D549}.Release|Any CPU.ActiveCfg = Release|Any CPU
		{FB3FD38D-C3D7-4BDE-A468-DE772F79D549}.Release|Any CPU.Build.0 = Release|Any CPU
		{50172E46-5027-4895-9785-7E1E8AB14F69}.Debug|Any CPU.ActiveCfg = Debug|Any CPU
		{50172E46-5027-4895-9785-7E1E8AB14F69}.Debug|Any CPU.Build.0 = Debug|Any CPU
		{50172E46-5027-4895-9785-7E1E8AB14F69}.Release|Any CPU.ActiveCfg = Release|Any CPU
		{50172E46-5027-4895-9785-7E1E8AB14F69}.Release|Any CPU.Build.0 = Release|Any CPU
		{4757E6AD-07C8-4A14-9C99-9B131D44C526}.Debug|Any CPU.ActiveCfg = Debug|Any CPU
		{4757E6AD-07C8-4A14-9C99-9B131D44C526}.Debug|Any CPU.Build.0 = Debug|Any CPU
		{4757E6AD-07C8-4A14-9C99-9B131D44C526}.Release|Any CPU.ActiveCfg = Release|Any CPU
		{4757E6AD-07C8-4A14-9C99-9B131D44C526}.Release|Any CPU.Build.0 = Release|Any CPU
		{21CC2397-BD07-446E-BAC6-846DF0D1545D}.Debug|Any CPU.ActiveCfg = Debug|Any CPU
		{21CC2397-BD07-446E-BAC6-846DF0D1545D}.Debug|Any CPU.Build.0 = Debug|Any CPU
		{21CC2397-BD07-446E-BAC6-846DF0D1545D}.Release|Any CPU.ActiveCfg = Release|Any CPU
		{21CC2397-BD07-446E-BAC6-846DF0D1545D}.Release|Any CPU.Build.0 = Release|Any CPU
		{FBD75A84-DDC5-41DC-B199-ED0BFF1BABA0}.Debug|Any CPU.ActiveCfg = Debug|Any CPU
		{FBD75A84-DDC5-41DC-B199-ED0BFF1BABA0}.Debug|Any CPU.Build.0 = Debug|Any CPU
		{FBD75A84-DDC5-41DC-B199-ED0BFF1BABA0}.Release|Any CPU.ActiveCfg = Release|Any CPU
		{FBD75A84-DDC5-41DC-B199-ED0BFF1BABA0}.Release|Any CPU.Build.0 = Release|Any CPU
		{116433A2-65B3-49C6-96D3-ECCCD00E2398}.Debug|Any CPU.ActiveCfg = Debug|Any CPU
		{116433A2-65B3-49C6-96D3-ECCCD00E2398}.Debug|Any CPU.Build.0 = Debug|Any CPU
		{116433A2-65B3-49C6-96D3-ECCCD00E2398}.Release|Any CPU.ActiveCfg = Release|Any CPU
		{116433A2-65B3-49C6-96D3-ECCCD00E2398}.Release|Any CPU.Build.0 = Release|Any CPU
		{075E5C2E-67B6-4CA3-860D-81D874286045}.Debug|Any CPU.ActiveCfg = Debug|Any CPU
		{075E5C2E-67B6-4CA3-860D-81D874286045}.Debug|Any CPU.Build.0 = Debug|Any CPU
		{075E5C2E-67B6-4CA3-860D-81D874286045}.Release|Any CPU.ActiveCfg = Release|Any CPU
		{075E5C2E-67B6-4CA3-860D-81D874286045}.Release|Any CPU.Build.0 = Release|Any CPU
		{85E460FE-97CD-44CA-99D7-DB53080FA9E1}.Debug|Any CPU.ActiveCfg = Debug|Any CPU
		{85E460FE-97CD-44CA-99D7-DB53080FA9E1}.Debug|Any CPU.Build.0 = Debug|Any CPU
		{85E460FE-97CD-44CA-99D7-DB53080FA9E1}.Release|Any CPU.ActiveCfg = Release|Any CPU
		{85E460FE-97CD-44CA-99D7-DB53080FA9E1}.Release|Any CPU.Build.0 = Release|Any CPU
		{363B6DA9-8A53-4D7F-BC7D-6E6BB8196954}.Debug|Any CPU.ActiveCfg = Debug|Any CPU
		{363B6DA9-8A53-4D7F-BC7D-6E6BB8196954}.Debug|Any CPU.Build.0 = Debug|Any CPU
		{363B6DA9-8A53-4D7F-BC7D-6E6BB8196954}.Release|Any CPU.ActiveCfg = Release|Any CPU
		{363B6DA9-8A53-4D7F-BC7D-6E6BB8196954}.Release|Any CPU.Build.0 = Release|Any CPU
		{F8B83594-F77D-4AB9-8E7E-CF5FDE05C1DD}.Debug|Any CPU.ActiveCfg = Debug|Any CPU
		{F8B83594-F77D-4AB9-8E7E-CF5FDE05C1DD}.Debug|Any CPU.Build.0 = Debug|Any CPU
		{F8B83594-F77D-4AB9-8E7E-CF5FDE05C1DD}.Release|Any CPU.ActiveCfg = Release|Any CPU
		{F8B83594-F77D-4AB9-8E7E-CF5FDE05C1DD}.Release|Any CPU.Build.0 = Release|Any CPU
		{BA82DA68-0D44-4DA6-BA26-EA35D08CAC53}.Debug|Any CPU.ActiveCfg = Debug|Any CPU
		{BA82DA68-0D44-4DA6-BA26-EA35D08CAC53}.Debug|Any CPU.Build.0 = Debug|Any CPU
		{BA82DA68-0D44-4DA6-BA26-EA35D08CAC53}.Release|Any CPU.ActiveCfg = Release|Any CPU
		{BA82DA68-0D44-4DA6-BA26-EA35D08CAC53}.Release|Any CPU.Build.0 = Release|Any CPU
		{F181B9BA-31EE-482A-A534-5694164A4644}.Debug|Any CPU.ActiveCfg = Debug|Any CPU
		{F181B9BA-31EE-482A-A534-5694164A4644}.Debug|Any CPU.Build.0 = Debug|Any CPU
		{F181B9BA-31EE-482A-A534-5694164A4644}.Release|Any CPU.ActiveCfg = Release|Any CPU
		{F181B9BA-31EE-482A-A534-5694164A4644}.Release|Any CPU.Build.0 = Release|Any CPU
	EndGlobalSection
	GlobalSection(SolutionProperties) = preSolution
		HideSolutionNode = FALSE
	EndGlobalSection
	GlobalSection(ExtensibilityGlobals) = postSolution
		SolutionGuid = {CB64F82C-9CEA-436F-AD13-4665BB73C4FC}
	EndGlobalSection
EndGlobal
